
Microsoft Visual Studio Solution File, Format Version 12.00
# Visual Studio 14
VisualStudioVersion = 14.0.25420.1
MinimumVisualStudioVersion = 10.0.40219.1
Project("{FAE04EC0-301F-11D3-BF4B-00C04F79EFBC}") = "LearnRabbitMQ.Send", "LearnRabbitMQ.Send\LearnRabbitMQ.Send.csproj", "{EE5288D6-6D82-48FB-8F25-0D4AB5246F7F}"
EndProject
Project("{FAE04EC0-301F-11D3-BF4B-00C04F79EFBC}") = "LearnRabbitMQ.Receive", "LearnRabbitMQ.Receive\LearnRabbitMQ.Receive.csproj", "{6B5997A3-76D4-4FB1-B6BA-673F73464F86}"
EndProject
Project("{FAE04EC0-301F-11D3-BF4B-00C04F79EFBC}") = "LearnRabbitMQ.Tasks", "LearnRabbitMQ.Tasks\LearnRabbitMQ.Tasks.csproj", "{7F35DF86-F61E-4EB6-879F-89091EEE6D62}"
EndProject
Project("{FAE04EC0-301F-11D3-BF4B-00C04F79EFBC}") = "LearnRabbitMQ.Worker", "LearnRabbitMQ.Worker\LearnRabbitMQ.Worker.csproj", "{48692F71-344C-4A53-A49C-261C82CFC9DB}"
EndProject
Project("{FAE04EC0-301F-11D3-BF4B-00C04F79EFBC}") = "LearnRabbitMQ.EmitLog", "LearnRabbitMQ.EmitLog\LearnRabbitMQ.EmitLog.csproj", "{6ED98327-CD50-4308-8628-092D97F18270}"
EndProject
Project("{FAE04EC0-301F-11D3-BF4B-00C04F79EFBC}") = "LearnRabbitMQ.ReceiveLog", "LearnRabbitMQ.ReceiveLog\LearnRabbitMQ.ReceiveLog.csproj", "{9EF7E1DD-0424-4EE9-984F-507FB19BB847}"
EndProject
Project("{FAE04EC0-301F-11D3-BF4B-00C04F79EFBC}") = "LearnRabbitMQ.RoutingSend", "LearnRabbitMQ.RoutingSend\LearnRabbitMQ.RoutingSend.csproj", "{81B86AFB-1255-4D0F-BA70-2B57A1BE6FDC}"
EndProject
Project("{FAE04EC0-301F-11D3-BF4B-00C04F79EFBC}") = "LearnRabbitMQ.RoutingReceive", "LearnRabbitMQ.RoutingReceive\LearnRabbitMQ.RoutingReceive.csproj", "{59FA1A0E-A895-43DA-A7FC-FF884CBF7088}"
EndProject
Project("{FAE04EC0-301F-11D3-BF4B-00C04F79EFBC}") = "LearnRabbitMQ.TopicsSend", "LearnRabbitMQ.TopicsSend\LearnRabbitMQ.TopicsSend.csproj", "{20076E45-AA4A-4D2D-B294-8F51DF7D6DE4}"
EndProject
Project("{FAE04EC0-301F-11D3-BF4B-00C04F79EFBC}") = "LearnRabbitMQ.TopicsReceive", "LearnRabbitMQ.TopicsReceive\LearnRabbitMQ.TopicsReceive.csproj", "{F5F8F1D2-C756-445A-AA6B-3948082E14F6}"
EndProject
Global
	GlobalSection(SolutionConfigurationPlatforms) = preSolution
		Debug|Any CPU = Debug|Any CPU
		Release|Any CPU = Release|Any CPU
	EndGlobalSection
	GlobalSection(ProjectConfigurationPlatforms) = postSolution
		{EE5288D6-6D82-48FB-8F25-0D4AB5246F7F}.Debug|Any CPU.ActiveCfg = Debug|Any CPU
		{EE5288D6-6D82-48FB-8F25-0D4AB5246F7F}.Debug|Any CPU.Build.0 = Debug|Any CPU
		{EE5288D6-6D82-48FB-8F25-0D4AB5246F7F}.Release|Any CPU.ActiveCfg = Release|Any CPU
		{EE5288D6-6D82-48FB-8F25-0D4AB5246F7F}.Release|Any CPU.Build.0 = Release|Any CPU
		{6B5997A3-76D4-4FB1-B6BA-673F73464F86}.Debug|Any CPU.ActiveCfg = Debug|Any CPU
		{6B5997A3-76D4-4FB1-B6BA-673F73464F86}.Debug|Any CPU.Build.0 = Debug|Any CPU
		{6B5997A3-76D4-4FB1-B6BA-673F73464F86}.Release|Any CPU.ActiveCfg = Release|Any CPU
		{6B5997A3-76D4-4FB1-B6BA-673F73464F86}.Release|Any CPU.Build.0 = Release|Any CPU
		{7F35DF86-F61E-4EB6-879F-89091EEE6D62}.Debug|Any CPU.ActiveCfg = Debug|Any CPU
		{7F35DF86-F61E-4EB6-879F-89091EEE6D62}.Debug|Any CPU.Build.0 = Debug|Any CPU
		{7F35DF86-F61E-4EB6-879F-89091EEE6D62}.Release|Any CPU.ActiveCfg = Release|Any CPU
		{7F35DF86-F61E-4EB6-879F-89091EEE6D62}.Release|Any CPU.Build.0 = Release|Any CPU
		{48692F71-344C-4A53-A49C-261C82CFC9DB}.Debug|Any CPU.ActiveCfg = Debug|Any CPU
		{48692F71-344C-4A53-A49C-261C82CFC9DB}.Debug|Any CPU.Build.0 = Debug|Any CPU
		{48692F71-344C-4A53-A49C-261C82CFC9DB}.Release|Any CPU.ActiveCfg = Release|Any CPU
		{48692F71-344C-4A53-A49C-261C82CFC9DB}.Release|Any CPU.Build.0 = Release|Any CPU
		{6ED98327-CD50-4308-8628-092D97F18270}.Debug|Any CPU.ActiveCfg = Debug|Any CPU
		{6ED98327-CD50-4308-8628-092D97F18270}.Debug|Any CPU.Build.0 = Debug|Any CPU
		{6ED98327-CD50-4308-8628-092D97F18270}.Release|Any CPU.ActiveCfg = Release|Any CPU
		{6ED98327-CD50-4308-8628-092D97F18270}.Release|Any CPU.Build.0 = Release|Any CPU
		{9EF7E1DD-0424-4EE9-984F-507FB19BB847}.Debug|Any CPU.ActiveCfg = Debug|Any CPU
		{9EF7E1DD-0424-4EE9-984F-507FB19BB847}.Debug|Any CPU.Build.0 = Debug|Any CPU
		{9EF7E1DD-0424-4EE9-984F-507FB19BB847}.Release|Any CPU.ActiveCfg = Release|Any CPU
		{9EF7E1DD-0424-4EE9-984F-507FB19BB847}.Release|Any CPU.Build.0 = Release|Any CPU
		{81B86AFB-1255-4D0F-BA70-2B57A1BE6FDC}.Debug|Any CPU.ActiveCfg = Debug|Any CPU
		{81B86AFB-1255-4D0F-BA70-2B57A1BE6FDC}.Debug|Any CPU.Build.0 = Debug|Any CPU
		{81B86AFB-1255-4D0F-BA70-2B57A1BE6FDC}.Release|Any CPU.ActiveCfg = Release|Any CPU
		{81B86AFB-1255-4D0F-BA70-2B57A1BE6FDC}.Release|Any CPU.Build.0 = Release|Any CPU
		{59FA1A0E-A895-43DA-A7FC-FF884CBF7088}.Debug|Any CPU.ActiveCfg = Debug|Any CPU
		{59FA1A0E-A895-43DA-A7FC-FF884CBF7088}.Debug|Any CPU.Build.0 = Debug|Any CPU
		{59FA1A0E-A895-43DA-A7FC-FF884CBF7088}.Release|Any CPU.ActiveCfg = Release|Any CPU
		{59FA1A0E-A895-43DA-A7FC-FF884CBF7088}.Release|Any CPU.Build.0 = Release|Any CPU
		{20076E45-AA4A-4D2D-B294-8F51DF7D6DE4}.Debug|Any CPU.ActiveCfg = Debug|Any CPU
		{20076E45-AA4A-4D2D-B294-8F51DF7D6DE4}.Debug|Any CPU.Build.0 = Debug|Any CPU
		{20076E45-AA4A-4D2D-B294-8F51DF7D6DE4}.Release|Any CPU.ActiveCfg = Release|Any CPU
		{20076E45-AA4A-4D2D-B294-8F51DF7D6DE4}.Release|Any CPU.Build.0 = Release|Any CPU
		{F5F8F1D2-C756-445A-AA6B-3948082E14F6}.Debug|Any CPU.ActiveCfg = Debug|Any CPU
		{F5F8F1D2-C756-445A-AA6B-3948082E14F6}.Debug|Any CPU.Build.0 = Debug|Any CPU
		{F5F8F1D2-C756-445A-AA6B-3948082E14F6}.Release|Any CPU.ActiveCfg = Release|Any CPU
		{F5F8F1D2-C756-445A-AA6B-3948082E14F6}.Release|Any CPU.Build.0 = Release|Any CPU
	EndGlobalSection
	GlobalSection(SolutionProperties) = preSolution
		HideSolutionNode = FALSE
	EndGlobalSection
EndGlobal
