
Microsoft Visual Studio Solution File, Format Version 12.00
# Visual Studio 2013
VisualStudioVersion = 12.0.40629.0
MinimumVisualStudioVersion = 10.0.40219.1
Project("{FAE04EC0-301F-11D3-BF4B-00C04F79EFBC}") = "LearnRabbitMQ.Send", "LearnRabbitMQ.Send\LearnRabbitMQ.Send.csproj", "{EE5288D6-6D82-48FB-8F25-0D4AB5246F7F}"
EndProject
Project("{FAE04EC0-301F-11D3-BF4B-00C04F79EFBC}") = "LearnRabbitMQ.Receive", "LearnRabbitMQ.Receive\LearnRabbitMQ.Receive.csproj", "{6B5997A3-76D4-4FB1-B6BA-673F73464F86}"
EndProject
Project("{FAE04EC0-301F-11D3-BF4B-00C04F79EFBC}") = "LearnRabbitMQ.Tasks", "LearnRabbitMQ.Tasks\LearnRabbitMQ.Tasks.csproj", "{7F35DF86-F61E-4EB6-879F-89091EEE6D62}"
EndProject
Project("{FAE04EC0-301F-11D3-BF4B-00C04F79EFBC}") = "LearnRabbitMQ.Worker", "LearnRabbitMQ.Worker\LearnRabbitMQ.Worker.csproj", "{48692F71-344C-4A53-A49C-261C82CFC9DB}"
EndProject
Project("{FAE04EC0-301F-11D3-BF4B-00C04F79EFBC}") = "LearnRabbitMQ.EmitLog", "LearnRabbitMQ.EmitLog\LearnRabbitMQ.EmitLog.csproj", "{6ED98327-CD50-4308-8628-092D97F18270}"
EndProject
Project("{FAE04EC0-301F-11D3-BF4B-00C04F79EFBC}") = "LearnRabbitMQ.ReceiveLog", "LearnRabbitMQ.ReceiveLog\LearnRabbitMQ.ReceiveLog.csproj", "{9EF7E1DD-0424-4EE9-984F-507FB19BB847}"
EndProject
Global
	GlobalSection(SolutionConfigurationPlatforms) = preSolution
		Debug|Any CPU = Debug|Any CPU
		Release|Any CPU = Release|Any CPU
	EndGlobalSection
	GlobalSection(ProjectConfigurationPlatforms) = postSolution
		{EE5288D6-6D82-48FB-8F25-0D4AB5246F7F}.Debug|Any CPU.ActiveCfg = Debug|Any CPU
		{EE5288D6-6D82-48FB-8F25-0D4AB5246F7F}.Debug|Any CPU.Build.0 = Debug|Any CPU
		{EE5288D6-6D82-48FB-8F25-0D4AB5246F7F}.Release|Any CPU.ActiveCfg = Release|Any CPU
		{EE5288D6-6D82-48FB-8F25-0D4AB5246F7F}.Release|Any CPU.Build.0 = Release|Any CPU
		{6B5997A3-76D4-4FB1-B6BA-673F73464F86}.Debug|Any CPU.ActiveCfg = Debug|Any CPU
		{6B5997A3-76D4-4FB1-B6BA-673F73464F86}.Debug|Any CPU.Build.0 = Debug|Any CPU
		{6B5997A3-76D4-4FB1-B6BA-673F73464F86}.Release|Any CPU.ActiveCfg = Release|Any CPU
		{6B5997A3-76D4-4FB1-B6BA-673F73464F86}.Release|Any CPU.Build.0 = Release|Any CPU
		{7F35DF86-F61E-4EB6-879F-89091EEE6D62}.Debug|Any CPU.ActiveCfg = Debug|Any CPU
		{7F35DF86-F61E-4EB6-879F-89091EEE6D62}.Debug|Any CPU.Build.0 = Debug|Any CPU
		{7F35DF86-F61E-4EB6-879F-89091EEE6D62}.Release|Any CPU.ActiveCfg = Release|Any CPU
		{7F35DF86-F61E-4EB6-879F-89091EEE6D62}.Release|Any CPU.Build.0 = Release|Any CPU
		{48692F71-344C-4A53-A49C-261C82CFC9DB}.Debug|Any CPU.ActiveCfg = Debug|Any CPU
		{48692F71-344C-4A53-A49C-261C82CFC9DB}.Debug|Any CPU.Build.0 = Debug|Any CPU
		{48692F71-344C-4A53-A49C-261C82CFC9DB}.Release|Any CPU.ActiveCfg = Release|Any CPU
		{48692F71-344C-4A53-A49C-261C82CFC9DB}.Release|Any CPU.Build.0 = Release|Any CPU
		{6ED98327-CD50-4308-8628-092D97F18270}.Debug|Any CPU.ActiveCfg = Debug|Any CPU
		{6ED98327-CD50-4308-8628-092D97F18270}.Debug|Any CPU.Build.0 = Debug|Any CPU
		{6ED98327-CD50-4308-8628-092D97F18270}.Release|Any CPU.ActiveCfg = Release|Any CPU
		{6ED98327-CD50-4308-8628-092D97F18270}.Release|Any CPU.Build.0 = Release|Any CPU
		{9EF7E1DD-0424-4EE9-984F-507FB19BB847}.Debug|Any CPU.ActiveCfg = Debug|Any CPU
		{9EF7E1DD-0424-4EE9-984F-507FB19BB847}.Debug|Any CPU.Build.0 = Debug|Any CPU
		{9EF7E1DD-0424-4EE9-984F-507FB19BB847}.Release|Any CPU.ActiveCfg = Release|Any CPU
		{9EF7E1DD-0424-4EE9-984F-507FB19BB847}.Release|Any CPU.Build.0 = Release|Any CPU
	EndGlobalSection
	GlobalSection(SolutionProperties) = preSolution
		HideSolutionNode = FALSE
	EndGlobalSection
EndGlobal
